// !$*UTF8*$!
{
	archiveVersion = 1;
	classes = {
	};
	objectVersion = 46;
	objects = {

/* Begin PBXBuildFile section */
		57F26ECA1ACD00E9008A9E77 /* AppDelegate.m in Sources */ = {isa = PBXBuildFile; fileRef = 57F26EC91ACD00E9008A9E77 /* AppDelegate.m */; };
		57F26ECC1ACD00E9008A9E77 /* main.m in Sources */ = {isa = PBXBuildFile; fileRef = 57F26ECB1ACD00E9008A9E77 /* main.m */; };
		57F26ECE1ACD00E9008A9E77 /* Images.xcassets in Resources */ = {isa = PBXBuildFile; fileRef = 57F26ECD1ACD00E9008A9E77 /* Images.xcassets */; };
		57F26ED11ACD00E9008A9E77 /* MainMenu.xib in Resources */ = {isa = PBXBuildFile; fileRef = 57F26ECF1ACD00E9008A9E77 /* MainMenu.xib */; };
		57F26EF11ACD02F3008A9E77 /* UserPreferences.m in Sources */ = {isa = PBXBuildFile; fileRef = 57F26EF01ACD02F3008A9E77 /* UserPreferences.m */; };
		57F26EF41ACD0320008A9E77 /* PreferencesWindowController.m in Sources */ = {isa = PBXBuildFile; fileRef = 57F26EF31ACD0320008A9E77 /* PreferencesWindowController.m */; };
		57F26EF61ACD0408008A9E77 /* PreferencesPanel.xib in Resources */ = {isa = PBXBuildFile; fileRef = 57F26EF51ACD0408008A9E77 /* PreferencesPanel.xib */; };
/* End PBXBuildFile section */

/* Begin PBXFileReference section */
		57F26EC31ACD00E9008A9E77 /* TestPreferences.app */ = {isa = PBXFileReference; explicitFileType = wrapper.application; includeInIndex = 0; path = TestPreferences.app; sourceTree = BUILT_PRODUCTS_DIR; };
		57F26EC71ACD00E9008A9E77 /* Info.plist */ = {isa = PBXFileReference; lastKnownFileType = text.plist.xml; path = Info.plist; sourceTree = "<group>"; };
		57F26EC81ACD00E9008A9E77 /* AppDelegate.h */ = {isa = PBXFileReference; lastKnownFileType = sourcecode.c.h; path = AppDelegate.h; sourceTree = "<group>"; };
		57F26EC91ACD00E9008A9E77 /* AppDelegate.m */ = {isa = PBXFileReference; lastKnownFileType = sourcecode.c.objc; path = AppDelegate.m; sourceTree = "<group>"; };
		57F26ECB1ACD00E9008A9E77 /* main.m */ = {isa = PBXFileReference; lastKnownFileType = sourcecode.c.objc; path = main.m; sourceTree = "<group>"; };
		57F26ECD1ACD00E9008A9E77 /* Images.xcassets */ = {isa = PBXFileReference; lastKnownFileType = folder.assetcatalog; path = Images.xcassets; sourceTree = "<group>"; };
		57F26ED01ACD00E9008A9E77 /* Base */ = {isa = PBXFileReference; lastKnownFileType = file.xib; name = Base; path = Base.lproj/MainMenu.xib; sourceTree = "<group>"; };
		57F26EEF1ACD02F3008A9E77 /* UserPreferences.h */ = {isa = PBXFileReference; fileEncoding = 4; lastKnownFileType = sourcecode.c.h; name = UserPreferences.h; path = ../../../UserPreferences.h; sourceTree = "<group>"; };
		57F26EF01ACD02F3008A9E77 /* UserPreferences.m */ = {isa = PBXFileReference; fileEncoding = 4; lastKnownFileType = sourcecode.c.objc; name = UserPreferences.m; path = ../../../UserPreferences.m; sourceTree = "<group>"; };
		57F26EF21ACD0320008A9E77 /* PreferencesWindowController.h */ = {isa = PBXFileReference; fileEncoding = 4; lastKnownFileType = sourcecode.c.h; name = PreferencesWindowController.h; path = ../../../Fortune/PreferencesWindowController.h; sourceTree = "<group>"; };
		57F26EF31ACD0320008A9E77 /* PreferencesWindowController.m */ = {isa = PBXFileReference; fileEncoding = 4; lastKnownFileType = sourcecode.c.objc; name = PreferencesWindowController.m; path = ../../../Fortune/PreferencesWindowController.m; sourceTree = "<group>"; };
		57F26EF51ACD0408008A9E77 /* PreferencesPanel.xib */ = {isa = PBXFileReference; fileEncoding = 4; lastKnownFileType = file.xib; name = PreferencesPanel.xib; path = ../../../PreferencesPanel.xib; sourceTree = "<group>"; };
/* End PBXFileReference section */

/* Begin PBXFrameworksBuildPhase section */
		57F26EC01ACD00E9008A9E77 /* Frameworks */ = {
			isa = PBXFrameworksBuildPhase;
			buildActionMask = 2147483647;
			files = (
			);
			runOnlyForDeploymentPostprocessing = 0;
		};
/* End PBXFrameworksBuildPhase section */

/* Begin PBXGroup section */
		57F26EBA1ACD00E9008A9E77 = {
			isa = PBXGroup;
			children = (
				57F26EC51ACD00E9008A9E77 /* TestPreferences */,
				57F26EC41ACD00E9008A9E77 /* Products */,
			);
			sourceTree = "<group>";
		};
		57F26EC41ACD00E9008A9E77 /* Products */ = {
			isa = PBXGroup;
			children = (
				57F26EC31ACD00E9008A9E77 /* TestPreferences.app */,
			);
			name = Products;
			sourceTree = "<group>";
		};
		57F26EC51ACD00E9008A9E77 /* TestPreferences */ = {
			isa = PBXGroup;
			children = (
				57F26EF51ACD0408008A9E77 /* PreferencesPanel.xib */,
				57F26EF21ACD0320008A9E77 /* PreferencesWindowController.h */,
				57F26EF31ACD0320008A9E77 /* PreferencesWindowController.m */,
				57F26EEF1ACD02F3008A9E77 /* UserPreferences.h */,
				57F26EF01ACD02F3008A9E77 /* UserPreferences.m */,
				57F26EC81ACD00E9008A9E77 /* AppDelegate.h */,
				57F26EC91ACD00E9008A9E77 /* AppDelegate.m */,
				57F26ECD1ACD00E9008A9E77 /* Images.xcassets */,
				57F26ECF1ACD00E9008A9E77 /* MainMenu.xib */,
				57F26EC61ACD00E9008A9E77 /* Supporting Files */,
			);
			path = TestPreferences;
			sourceTree = "<group>";
		};
		57F26EC61ACD00E9008A9E77 /* Supporting Files */ = {
			isa = PBXGroup;
			children = (
				57F26EC71ACD00E9008A9E77 /* Info.plist */,
				57F26ECB1ACD00E9008A9E77 /* main.m */,
			);
			name = "Supporting Files";
			sourceTree = "<group>";
		};
/* End PBXGroup section */

/* Begin PBXNativeTarget section */
		57F26EC21ACD00E9008A9E77 /* TestPreferences */ = {
			isa = PBXNativeTarget;
			buildConfigurationList = 57F26EE01ACD00EA008A9E77 /* Build configuration list for PBXNativeTarget "TestPreferences" */;
			buildPhases = (
				57F26EBF1ACD00E9008A9E77 /* Sources */,
				57F26EC01ACD00E9008A9E77 /* Frameworks */,
				57F26EC11ACD00E9008A9E77 /* Resources */,
			);
			buildRules = (
			);
			dependencies = (
			);
			name = TestPreferences;
			productName = TestPreferences;
			productReference = 57F26EC31ACD00E9008A9E77 /* TestPreferences.app */;
			productType = "com.apple.product-type.application";
		};
/* End PBXNativeTarget section */

/* Begin PBXProject section */
		57F26EBB1ACD00E9008A9E77 /* Project object */ = {
			isa = PBXProject;
			attributes = {
				LastUpgradeCheck = 0620;
				ORGANIZATIONNAME = "Patrick Wallace";
				TargetAttributes = {
					57F26EC21ACD00E9008A9E77 = {
						CreatedOnToolsVersion = 6.2;
					};
				};
			};
			buildConfigurationList = 57F26EBE1ACD00E9008A9E77 /* Build configuration list for PBXProject "TestPreferences" */;
			compatibilityVersion = "Xcode 3.2";
			developmentRegion = English;
			hasScannedForEncodings = 0;
			knownRegions = (
				en,
				Base,
			);
			mainGroup = 57F26EBA1ACD00E9008A9E77;
			productRefGroup = 57F26EC41ACD00E9008A9E77 /* Products */;
			projectDirPath = "";
			projectRoot = "";
			targets = (
				57F26EC21ACD00E9008A9E77 /* TestPreferences */,
			);
		};
/* End PBXProject section */

/* Begin PBXResourcesBuildPhase section */
		57F26EC11ACD00E9008A9E77 /* Resources */ = {
			isa = PBXResourcesBuildPhase;
			buildActionMask = 2147483647;
			files = (
				57F26EF61ACD0408008A9E77 /* PreferencesPanel.xib in Resources */,
				57F26ECE1ACD00E9008A9E77 /* Images.xcassets in Resources */,
				57F26ED11ACD00E9008A9E77 /* MainMenu.xib in Resources */,
			);
			runOnlyForDeploymentPostprocessing = 0;
		};
/* End PBXResourcesBuildPhase section */

/* Begin PBXSourcesBuildPhase section */
		57F26EBF1ACD00E9008A9E77 /* Sources */ = {
			isa = PBXSourcesBuildPhase;
			buildActionMask = 2147483647;
			files = (
				57F26EF11ACD02F3008A9E77 /* UserPreferences.m in Sources */,
				57F26ECC1ACD00E9008A9E77 /* main.m in Sources */,
				57F26EF41ACD0320008A9E77 /* PreferencesWindowController.m in Sources */,
				57F26ECA1ACD00E9008A9E77 /* AppDelegate.m in Sources */,
			);
			runOnlyForDeploymentPostprocessing = 0;
		};
/* End PBXSourcesBuildPhase section */

/* Begin PBXVariantGroup section */
		57F26ECF1ACD00E9008A9E77 /* MainMenu.xib */ = {
			isa = PBXVariantGroup;
			children = (
				57F26ED01ACD00E9008A9E77 /* Base */,
			);
			name = MainMenu.xib;
			sourceTree = "<group>";
		};
/* End PBXVariantGroup section */

/* Begin XCBuildConfiguration section */
		57F26EDE1ACD00EA008A9E77 /* Debug */ = {
			isa = XCBuildConfiguration;
			buildSettings = {
				ALWAYS_SEARCH_USER_PATHS = NO;
				CLANG_CXX_LANGUAGE_STANDARD = "gnu++0x";
				CLANG_CXX_LIBRARY = "libc++";
				CLANG_ENABLE_MODULES = YES;
				CLANG_ENABLE_OBJC_ARC = YES;
				CLANG_WARN_BOOL_CONVERSION = YES;
				CLANG_WARN_CONSTANT_CONVERSION = YES;
				CLANG_WARN_DIRECT_OBJC_ISA_USAGE = YES_ERROR;
				CLANG_WARN_EMPTY_BODY = YES;
				CLANG_WARN_ENUM_CONVERSION = YES;
				CLANG_WARN_INT_CONVERSION = YES;
				CLANG_WARN_OBJC_ROOT_CLASS = YES_ERROR;
				CLANG_WARN_UNREACHABLE_CODE = YES;
				CLANG_WARN__DUPLICATE_METHOD_MATCH = YES;
				CODE_SIGN_IDENTITY = "-";
				COPY_PHASE_STRIP = NO;
				ENABLE_STRICT_OBJC_MSGSEND = YES;
				GCC_C_LANGUAGE_STANDARD = gnu99;
				GCC_DYNAMIC_NO_PIC = NO;
				GCC_OPTIMIZATION_LEVEL = 0;
				GCC_PREPROCESSOR_DEFINITIONS = (
					"DEBUG=1",
					"$(inherited)",
				);
				GCC_SYMBOLS_PRIVATE_EXTERN = NO;
				GCC_WARN_64_TO_32_BIT_CONVERSION = YES;
				GCC_WARN_ABOUT_RETURN_TYPE = YES_ERROR;
				GCC_WARN_UNDECLARED_SELECTOR = YES;
				GCC_WARN_UNINITIALIZED_AUTOS = YES_AGGRESSIVE;
				GCC_WARN_UNUSED_FUNCTION = YES;
				GCC_WARN_UNUSED_VARIABLE = YES;
				MACOSX_DEPLOYMENT_TARGET = 10.10;
				MTL_ENABLE_DEBUG_INFO = YES;
				ONLY_ACTIVE_ARCH = YES;
				SDKROOT = macosx;
			};
			name = Debug;
		};
		57F26EDF1ACD00EA008A9E77 /* Release */ = {
			isa = XCBuildConfiguration;
			buildSettings = {
				ALWAYS_SEARCH_USER_PATHS = NO;
				CLANG_CXX_LANGUAGE_STANDARD = "gnu++0x";
				CLANG_CXX_LIBRARY = "libc++";
				CLANG_ENABLE_MODULES = YES;
				CLANG_ENABLE_OBJC_ARC = YES;
				CLANG_WARN_BOOL_CONVERSION = YES;
				CLANG_WARN_CONSTANT_CONVERSION = YES;
				CLANG_WARN_DIRECT_OBJC_ISA_USAGE = YES_ERROR;
				CLANG_WARN_EMPTY_BODY = YES;
				CLANG_WARN_ENUM_CONVERSION = YES;
				CLANG_WARN_INT_CONVERSION = YES;
				CLANG_WARN_OBJC_ROOT_CLASS = YES_ERROR;
				CLANG_WARN_UNREACHABLE_CODE = YES;
				CLANG_WARN__DUPLICATE_METHOD_MATCH = YES;
				CODE_SIGN_IDENTITY = "-";
				COPY_PHASE_STRIP = NO;
				DEBUG_INFORMATION_FORMAT = "dwarf-with-dsym";
				ENABLE_NS_ASSERTIONS = NO;
				ENABLE_STRICT_OBJC_MSGSEND = YES;
				GCC_C_LANGUAGE_STANDARD = gnu99;
				GCC_WARN_64_TO_32_BIT_CONVERSION = YES;
				GCC_WARN_ABOUT_RETURN_TYPE = YES_ERROR;
				GCC_WARN_UNDECLARED_SELECTOR = YES;
				GCC_WARN_UNINITIALIZED_AUTOS = YES_AGGRESSIVE;
				GCC_WARN_UNUSED_FUNCTION = YES;
				GCC_WARN_UNUSED_VARIABLE = YES;
				MACOSX_DEPLOYMENT_TARGET = 10.10;
				MTL_ENABLE_DEBUG_INFO = NO;
				SDKROOT = macosx;
			};
			name = Release;
		};
		57F26EE11ACD00EA008A9E77 /* Debug */ = {
			isa = XCBuildConfiguration;
			buildSettings = {
				ASSETCATALOG_COMPILER_APPICON_NAME = AppIcon;
				COMBINE_HIDPI_IMAGES = YES;
				INFOPLIST_FILE = TestPreferences/Info.plist;
				LD_RUNPATH_SEARCH_PATHS = "$(inherited) @executable_path/../Frameworks";
				PRODUCT_NAME = "$(TARGET_NAME)";
			};
			name = Debug;
		};
		57F26EE21ACD00EA008A9E77 /* Release */ = {
			isa = XCBuildConfiguration;
			buildSettings = {
				ASSETCATALOG_COMPILER_APPICON_NAME = AppIcon;
				COMBINE_HIDPI_IMAGES = YES;
				INFOPLIST_FILE = TestPreferences/Info.plist;
				LD_RUNPATH_SEARCH_PATHS = "$(inherited) @executable_path/../Frameworks";
				PRODUCT_NAME = "$(TARGET_NAME)";
			};
			name = Release;
		};
/* End XCBuildConfiguration section */

/* Begin XCConfigurationList section */
		57F26EBE1ACD00E9008A9E77 /* Build configuration list for PBXProject "TestPreferences" */ = {
			isa = XCConfigurationList;
			buildConfigurations = (
				57F26EDE1ACD00EA008A9E77 /* Debug */,
				57F26EDF1ACD00EA008A9E77 /* Release */,
			);
			defaultConfigurationIsVisible = 0;
			defaultConfigurationName = Release;
		};
		57F26EE01ACD00EA008A9E77 /* Build configuration list for PBXNativeTarget "TestPreferences" */ = {
			isa = XCConfigurationList;
			buildConfigurations = (
				57F26EE11ACD00EA008A9E77 /* Debug */,
				57F26EE21ACD00EA008A9E77 /* Release */,
			);
			defaultConfigurationIsVisible = 0;
		};
/* End XCConfigurationList section */
	};
	rootObject = 57F26EBB1ACD00E9008A9E77 /* Project object */;
}
