// !$*UTF8*$!
{
	archiveVersion = 1;
	classes = {
	};
	objectVersion = 46;
	objects = {

/* Begin PBXBuildFile section */
		57F26EA01AC9D784008A9E77 /* Background.qtz in Resources */ = {isa = PBXBuildFile; fileRef = 57F26E991AC9D784008A9E77 /* Background.qtz */; };
		57F26EA11AC9D784008A9E77 /* FortuneView.h in Headers */ = {isa = PBXBuildFile; fileRef = 57F26E9A1AC9D784008A9E77 /* FortuneView.h */; };
		57F26EA21AC9D784008A9E77 /* FortuneView.m in Sources */ = {isa = PBXBuildFile; fileRef = 57F26E9B1AC9D784008A9E77 /* FortuneView.m */; };
		57F26EA31AC9D784008A9E77 /* NullAction.h in Headers */ = {isa = PBXBuildFile; fileRef = 57F26E9C1AC9D784008A9E77 /* NullAction.h */; };
		57F26EA41AC9D784008A9E77 /* NullAction.m in Sources */ = {isa = PBXBuildFile; fileRef = 57F26E9D1AC9D784008A9E77 /* NullAction.m */; };
		57F26EA51AC9D784008A9E77 /* thumbnail.png in Resources */ = {isa = PBXBuildFile; fileRef = 57F26E9E1AC9D784008A9E77 /* thumbnail.png */; };
		57F26EA61AC9D784008A9E77 /* thumbnail@2x.png in Resources */ = {isa = PBXBuildFile; fileRef = 57F26E9F1AC9D784008A9E77 /* thumbnail@2x.png */; };
/* End PBXBuildFile section */

/* Begin PBXFileReference section */
		57F26E8B1AC9D711008A9E77 /* Fortune.saver */ = {isa = PBXFileReference; explicitFileType = wrapper.cfbundle; includeInIndex = 0; path = Fortune.saver; sourceTree = BUILT_PRODUCTS_DIR; };
		57F26E8F1AC9D711008A9E77 /* Info.plist */ = {isa = PBXFileReference; lastKnownFileType = text.plist.xml; path = Info.plist; sourceTree = "<group>"; };
		57F26E991AC9D784008A9E77 /* Background.qtz */ = {isa = PBXFileReference; lastKnownFileType = "video.quartz-composer"; name = Background.qtz; path = ../Background.qtz; sourceTree = "<group>"; };
		57F26E9A1AC9D784008A9E77 /* FortuneView.h */ = {isa = PBXFileReference; fileEncoding = 4; lastKnownFileType = sourcecode.c.h; path = FortuneView.h; sourceTree = "<group>"; };
		57F26E9B1AC9D784008A9E77 /* FortuneView.m */ = {isa = PBXFileReference; fileEncoding = 4; lastKnownFileType = sourcecode.c.objc; path = FortuneView.m; sourceTree = "<group>"; };
		57F26E9C1AC9D784008A9E77 /* NullAction.h */ = {isa = PBXFileReference; fileEncoding = 4; lastKnownFileType = sourcecode.c.h; path = NullAction.h; sourceTree = "<group>"; };
		57F26E9D1AC9D784008A9E77 /* NullAction.m */ = {isa = PBXFileReference; fileEncoding = 4; lastKnownFileType = sourcecode.c.objc; path = NullAction.m; sourceTree = "<group>"; };
		57F26E9E1AC9D784008A9E77 /* thumbnail.png */ = {isa = PBXFileReference; lastKnownFileType = image.png; name = thumbnail.png; path = ../thumbnail.png; sourceTree = "<group>"; };
		57F26E9F1AC9D784008A9E77 /* thumbnail@2x.png */ = {isa = PBXFileReference; lastKnownFileType = image.png; name = "thumbnail@2x.png"; path = "../thumbnail@2x.png"; sourceTree = "<group>"; };
/* End PBXFileReference section */

/* Begin PBXFrameworksBuildPhase section */
		57F26E871AC9D711008A9E77 /* Frameworks */ = {
			isa = PBXFrameworksBuildPhase;
			buildActionMask = 2147483647;
			files = (
			);
			runOnlyForDeploymentPostprocessing = 0;
		};
/* End PBXFrameworksBuildPhase section */

/* Begin PBXGroup section */
		57F26E811AC9D711008A9E77 = {
			isa = PBXGroup;
			children = (
				57F26E9A1AC9D784008A9E77 /* FortuneView.h */,
				57F26E9B1AC9D784008A9E77 /* FortuneView.m */,
				57F26E9C1AC9D784008A9E77 /* NullAction.h */,
				57F26E9D1AC9D784008A9E77 /* NullAction.m */,
				57F26E8D1AC9D711008A9E77 /* Fortune */,
				57F26E8C1AC9D711008A9E77 /* Products */,
			);
			sourceTree = "<group>";
		};
		57F26E8C1AC9D711008A9E77 /* Products */ = {
			isa = PBXGroup;
			children = (
				57F26E8B1AC9D711008A9E77 /* Fortune.saver */,
			);
			name = Products;
			sourceTree = "<group>";
		};
		57F26E8D1AC9D711008A9E77 /* Fortune */ = {
			isa = PBXGroup;
			children = (
				57F26E8E1AC9D711008A9E77 /* Supporting Files */,
			);
			path = Fortune;
			sourceTree = "<group>";
		};
		57F26E8E1AC9D711008A9E77 /* Supporting Files */ = {
			isa = PBXGroup;
			children = (
				57F26E991AC9D784008A9E77 /* Background.qtz */,
				57F26E9E1AC9D784008A9E77 /* thumbnail.png */,
				57F26E9F1AC9D784008A9E77 /* thumbnail@2x.png */,
				57F26E8F1AC9D711008A9E77 /* Info.plist */,
			);
			name = "Supporting Files";
			sourceTree = "<group>";
		};
/* End PBXGroup section */

/* Begin PBXHeadersBuildPhase section */
		57F26E881AC9D711008A9E77 /* Headers */ = {
			isa = PBXHeadersBuildPhase;
			buildActionMask = 2147483647;
			files = (
				57F26EA11AC9D784008A9E77 /* FortuneView.h in Headers */,
				57F26EA31AC9D784008A9E77 /* NullAction.h in Headers */,
			);
			runOnlyForDeploymentPostprocessing = 0;
		};
/* End PBXHeadersBuildPhase section */

/* Begin PBXNativeTarget section */
		57F26E8A1AC9D711008A9E77 /* Fortune */ = {
			isa = PBXNativeTarget;
			buildConfigurationList = 57F26E961AC9D711008A9E77 /* Build configuration list for PBXNativeTarget "Fortune" */;
			buildPhases = (
				57F26E861AC9D711008A9E77 /* Sources */,
				57F26E871AC9D711008A9E77 /* Frameworks */,
				57F26E881AC9D711008A9E77 /* Headers */,
				57F26E891AC9D711008A9E77 /* Resources */,
			);
			buildRules = (
			);
			dependencies = (
			);
			name = Fortune;
			productName = Fortune;
			productReference = 57F26E8B1AC9D711008A9E77 /* Fortune.saver */;
			productType = "com.apple.product-type.bundle";
		};
/* End PBXNativeTarget section */

/* Begin PBXProject section */
		57F26E821AC9D711008A9E77 /* Project object */ = {
			isa = PBXProject;
			attributes = {
				LastUpgradeCheck = 0620;
				ORGANIZATIONNAME = "Patrick Wallace";
				TargetAttributes = {
					57F26E8A1AC9D711008A9E77 = {
						CreatedOnToolsVersion = 6.2;
					};
				};
			};
			buildConfigurationList = 57F26E851AC9D711008A9E77 /* Build configuration list for PBXProject "Fortune" */;
			compatibilityVersion = "Xcode 3.2";
			developmentRegion = English;
			hasScannedForEncodings = 0;
			knownRegions = (
				en,
			);
			mainGroup = 57F26E811AC9D711008A9E77;
			productRefGroup = 57F26E8C1AC9D711008A9E77 /* Products */;
			projectDirPath = "";
			projectRoot = "";
			targets = (
				57F26E8A1AC9D711008A9E77 /* Fortune */,
			);
		};
/* End PBXProject section */

/* Begin PBXResourcesBuildPhase section */
		57F26E891AC9D711008A9E77 /* Resources */ = {
			isa = PBXResourcesBuildPhase;
			buildActionMask = 2147483647;
			files = (
				57F26EA51AC9D784008A9E77 /* thumbnail.png in Resources */,
				57F26EA01AC9D784008A9E77 /* Background.qtz in Resources */,
				57F26EA61AC9D784008A9E77 /* thumbnail@2x.png in Resources */,
			);
			runOnlyForDeploymentPostprocessing = 0;
		};
/* End PBXResourcesBuildPhase section */

/* Begin PBXSourcesBuildPhase section */
		57F26E861AC9D711008A9E77 /* Sources */ = {
			isa = PBXSourcesBuildPhase;
			buildActionMask = 2147483647;
			files = (
				57F26EA41AC9D784008A9E77 /* NullAction.m in Sources */,
				57F26EA21AC9D784008A9E77 /* FortuneView.m in Sources */,
			);
			runOnlyForDeploymentPostprocessing = 0;
		};
/* End PBXSourcesBuildPhase section */

/* Begin XCBuildConfiguration section */
		57F26E941AC9D711008A9E77 /* Debug */ = {
			isa = XCBuildConfiguration;
			buildSettings = {
				ALWAYS_SEARCH_USER_PATHS = NO;
				CLANG_CXX_LANGUAGE_STANDARD = "gnu++0x";
				CLANG_CXX_LIBRARY = "libc++";
				CLANG_ENABLE_MODULES = YES;
				CLANG_ENABLE_OBJC_ARC = YES;
				CLANG_WARN_BOOL_CONVERSION = YES;
				CLANG_WARN_CONSTANT_CONVERSION = YES;
				CLANG_WARN_DIRECT_OBJC_ISA_USAGE = YES_ERROR;
				CLANG_WARN_EMPTY_BODY = YES;
				CLANG_WARN_ENUM_CONVERSION = YES;
				CLANG_WARN_INT_CONVERSION = YES;
				CLANG_WARN_OBJC_ROOT_CLASS = YES_ERROR;
				CLANG_WARN_UNREACHABLE_CODE = YES;
				CLANG_WARN__DUPLICATE_METHOD_MATCH = YES;
				COPY_PHASE_STRIP = NO;
				ENABLE_STRICT_OBJC_MSGSEND = YES;
				GCC_C_LANGUAGE_STANDARD = gnu99;
				GCC_DYNAMIC_NO_PIC = NO;
				GCC_OPTIMIZATION_LEVEL = 0;
				GCC_PREPROCESSOR_DEFINITIONS = (
					"DEBUG=1",
					"$(inherited)",
				);
				GCC_SYMBOLS_PRIVATE_EXTERN = NO;
				GCC_WARN_64_TO_32_BIT_CONVERSION = YES;
				GCC_WARN_ABOUT_RETURN_TYPE = YES_ERROR;
				GCC_WARN_UNDECLARED_SELECTOR = YES;
				GCC_WARN_UNINITIALIZED_AUTOS = YES_AGGRESSIVE;
				GCC_WARN_UNUSED_FUNCTION = YES;
				GCC_WARN_UNUSED_VARIABLE = YES;
				MACOSX_DEPLOYMENT_TARGET = 10.10;
				MTL_ENABLE_DEBUG_INFO = YES;
				ONLY_ACTIVE_ARCH = YES;
				SDKROOT = macosx;
			};
			name = Debug;
		};
		57F26E951AC9D711008A9E77 /* Release */ = {
			isa = XCBuildConfiguration;
			buildSettings = {
				ALWAYS_SEARCH_USER_PATHS = NO;
				CLANG_CXX_LANGUAGE_STANDARD = "gnu++0x";
				CLANG_CXX_LIBRARY = "libc++";
				CLANG_ENABLE_MODULES = YES;
				CLANG_ENABLE_OBJC_ARC = YES;
				CLANG_WARN_BOOL_CONVERSION = YES;
				CLANG_WARN_CONSTANT_CONVERSION = YES;
				CLANG_WARN_DIRECT_OBJC_ISA_USAGE = YES_ERROR;
				CLANG_WARN_EMPTY_BODY = YES;
				CLANG_WARN_ENUM_CONVERSION = YES;
				CLANG_WARN_INT_CONVERSION = YES;
				CLANG_WARN_OBJC_ROOT_CLASS = YES_ERROR;
				CLANG_WARN_UNREACHABLE_CODE = YES;
				CLANG_WARN__DUPLICATE_METHOD_MATCH = YES;
				COPY_PHASE_STRIP = NO;
				DEBUG_INFORMATION_FORMAT = "dwarf-with-dsym";
				ENABLE_NS_ASSERTIONS = NO;
				ENABLE_STRICT_OBJC_MSGSEND = YES;
				GCC_C_LANGUAGE_STANDARD = gnu99;
				GCC_WARN_64_TO_32_BIT_CONVERSION = YES;
				GCC_WARN_ABOUT_RETURN_TYPE = YES_ERROR;
				GCC_WARN_UNDECLARED_SELECTOR = YES;
				GCC_WARN_UNINITIALIZED_AUTOS = YES_AGGRESSIVE;
				GCC_WARN_UNUSED_FUNCTION = YES;
				GCC_WARN_UNUSED_VARIABLE = YES;
				MACOSX_DEPLOYMENT_TARGET = 10.10;
				MTL_ENABLE_DEBUG_INFO = NO;
				SDKROOT = macosx;
			};
			name = Release;
		};
		57F26E971AC9D711008A9E77 /* Debug */ = {
			isa = XCBuildConfiguration;
			buildSettings = {
				COMBINE_HIDPI_IMAGES = YES;
				INFOPLIST_FILE = Fortune/Info.plist;
				INSTALL_PATH = "$(HOME)/Library/Screen Savers";
				PRODUCT_NAME = "$(TARGET_NAME)";
				WRAPPER_EXTENSION = saver;
			};
			name = Debug;
		};
		57F26E981AC9D711008A9E77 /* Release */ = {
			isa = XCBuildConfiguration;
			buildSettings = {
				COMBINE_HIDPI_IMAGES = YES;
				INFOPLIST_FILE = Fortune/Info.plist;
				INSTALL_PATH = "$(HOME)/Library/Screen Savers";
				PRODUCT_NAME = "$(TARGET_NAME)";
				WRAPPER_EXTENSION = saver;
			};
			name = Release;
		};
/* End XCBuildConfiguration section */

/* Begin XCConfigurationList section */
		57F26E851AC9D711008A9E77 /* Build configuration list for PBXProject "Fortune" */ = {
			isa = XCConfigurationList;
			buildConfigurations = (
				57F26E941AC9D711008A9E77 /* Debug */,
				57F26E951AC9D711008A9E77 /* Release */,
			);
			defaultConfigurationIsVisible = 0;
			defaultConfigurationName = Release;
		};
		57F26E961AC9D711008A9E77 /* Build configuration list for PBXNativeTarget "Fortune" */ = {
			isa = XCConfigurationList;
			buildConfigurations = (
				57F26E971AC9D711008A9E77 /* Debug */,
				57F26E981AC9D711008A9E77 /* Release */,
			);
			defaultConfigurationIsVisible = 0;
		};
/* End XCConfigurationList section */
	};
	rootObject = 57F26E821AC9D711008A9E77 /* Project object */;
}
