// !$*UTF8*$!
{
	archiveVersion = 1;
	classes = {
	};
	objectVersion = 46;
	objects = {

/* Begin PBXBuildFile section */
		57201A0F1ACD0DC40016F6ED /* Extensions.h in Headers */ = {isa = PBXBuildFile; fileRef = 57201A0D1ACD0DC40016F6ED /* Extensions.h */; };
		57201A101ACD0DC40016F6ED /* Extensions.m in Sources */ = {isa = PBXBuildFile; fileRef = 57201A0E1ACD0DC40016F6ED /* Extensions.m */; };
		57201A2D1AD0E9C30016F6ED /* MoveAndFade.h in Headers */ = {isa = PBXBuildFile; fileRef = 57201A2B1AD0E9C30016F6ED /* MoveAndFade.h */; };
		57201A2E1AD0E9C30016F6ED /* MoveAndFade.m in Sources */ = {isa = PBXBuildFile; fileRef = 57201A2C1AD0E9C30016F6ED /* MoveAndFade.m */; };
		57201A341AD0F4890016F6ED /* ExpandAndFade.h in Headers */ = {isa = PBXBuildFile; fileRef = 57201A321AD0F4890016F6ED /* ExpandAndFade.h */; };
		57201A351AD0F4890016F6ED /* ExpandAndFade.m in Sources */ = {isa = PBXBuildFile; fileRef = 57201A331AD0F4890016F6ED /* ExpandAndFade.m */; };
		57201A371AD100D10016F6ED /* Backgrounds in Resources */ = {isa = PBXBuildFile; fileRef = 57201A361AD100D10016F6ED /* Backgrounds */; };
		57201A3A1AD101BD0016F6ED /* BackgroundManager.h in Headers */ = {isa = PBXBuildFile; fileRef = 57201A381AD101BD0016F6ED /* BackgroundManager.h */; };
		57201A3B1AD101BD0016F6ED /* BackgroundManager.m in Sources */ = {isa = PBXBuildFile; fileRef = 57201A391AD101BD0016F6ED /* BackgroundManager.m */; };
		57201A3E1AD207310016F6ED /* FilterManager.h in Headers */ = {isa = PBXBuildFile; fileRef = 57201A3C1AD207310016F6ED /* FilterManager.h */; };
		57201A3F1AD207310016F6ED /* FilterManager.m in Sources */ = {isa = PBXBuildFile; fileRef = 57201A3D1AD207310016F6ED /* FilterManager.m */; };
		57201A421AD260B60016F6ED /* StyleManager.h in Headers */ = {isa = PBXBuildFile; fileRef = 57201A401AD260B60016F6ED /* StyleManager.h */; };
		57201A431AD260B60016F6ED /* StyleManager.m in Sources */ = {isa = PBXBuildFile; fileRef = 57201A411AD260B60016F6ED /* StyleManager.m */; };
		57201A581AD277510016F6ED /* Styles in Resources */ = {isa = PBXBuildFile; fileRef = 57201A571AD277510016F6ED /* Styles */; };
		57F26EA11AC9D784008A9E77 /* FortuneView.h in Headers */ = {isa = PBXBuildFile; fileRef = 57F26E9A1AC9D784008A9E77 /* FortuneView.h */; };
		57F26EA21AC9D784008A9E77 /* FortuneView.m in Sources */ = {isa = PBXBuildFile; fileRef = 57F26E9B1AC9D784008A9E77 /* FortuneView.m */; };
		57F26EA31AC9D784008A9E77 /* NullAction.h in Headers */ = {isa = PBXBuildFile; fileRef = 57F26E9C1AC9D784008A9E77 /* NullAction.h */; };
		57F26EA41AC9D784008A9E77 /* NullAction.m in Sources */ = {isa = PBXBuildFile; fileRef = 57F26E9D1AC9D784008A9E77 /* NullAction.m */; };
		57F26EA51AC9D784008A9E77 /* thumbnail.png in Resources */ = {isa = PBXBuildFile; fileRef = 57F26E9E1AC9D784008A9E77 /* thumbnail.png */; };
		57F26EA61AC9D784008A9E77 /* thumbnail@2x.png in Resources */ = {isa = PBXBuildFile; fileRef = 57F26E9F1AC9D784008A9E77 /* thumbnail@2x.png */; };
		57F26EAA1ACCCC48008A9E77 /* UserPreferences.h in Headers */ = {isa = PBXBuildFile; fileRef = 57F26EA81ACCCC48008A9E77 /* UserPreferences.h */; };
		57F26EAB1ACCCC48008A9E77 /* UserPreferences.m in Sources */ = {isa = PBXBuildFile; fileRef = 57F26EA91ACCCC48008A9E77 /* UserPreferences.m */; };
		57F26EAE1ACCCDBC008A9E77 /* Quote.h in Headers */ = {isa = PBXBuildFile; fileRef = 57F26EAC1ACCCDBC008A9E77 /* Quote.h */; };
		57F26EAF1ACCCDBC008A9E77 /* Quote.m in Sources */ = {isa = PBXBuildFile; fileRef = 57F26EAD1ACCCDBC008A9E77 /* Quote.m */; };
		57F26EB11ACCE3E7008A9E77 /* PreferencesPanel.xib in Resources */ = {isa = PBXBuildFile; fileRef = 57F26EB01ACCE3E7008A9E77 /* PreferencesPanel.xib */; };
		57F26EB81ACCF492008A9E77 /* PreferencesWindowController.h in Headers */ = {isa = PBXBuildFile; fileRef = 57F26EB61ACCF492008A9E77 /* PreferencesWindowController.h */; };
		57F26EB91ACCF492008A9E77 /* PreferencesWindowController.m in Sources */ = {isa = PBXBuildFile; fileRef = 57F26EB71ACCF492008A9E77 /* PreferencesWindowController.m */; };
/* End PBXBuildFile section */

/* Begin PBXContainerItemProxy section */
		57F26EEB1ACD00EA008A9E77 /* PBXContainerItemProxy */ = {
			isa = PBXContainerItemProxy;
			containerPortal = 57F26EE61ACD00EA008A9E77 /* TestPreferences.xcodeproj */;
			proxyType = 2;
			remoteGlobalIDString = 57F26EC31ACD00E9008A9E77;
			remoteInfo = TestPreferences;
		};
/* End PBXContainerItemProxy section */

/* Begin PBXFileReference section */
		57201A0D1ACD0DC40016F6ED /* Extensions.h */ = {isa = PBXFileReference; fileEncoding = 4; lastKnownFileType = sourcecode.c.h; path = Extensions.h; sourceTree = "<group>"; };
		57201A0E1ACD0DC40016F6ED /* Extensions.m */ = {isa = PBXFileReference; fileEncoding = 4; lastKnownFileType = sourcecode.c.objc; path = Extensions.m; sourceTree = "<group>"; };
		57201A2B1AD0E9C30016F6ED /* MoveAndFade.h */ = {isa = PBXFileReference; fileEncoding = 4; lastKnownFileType = sourcecode.c.h; path = MoveAndFade.h; sourceTree = "<group>"; };
		57201A2C1AD0E9C30016F6ED /* MoveAndFade.m */ = {isa = PBXFileReference; fileEncoding = 4; lastKnownFileType = sourcecode.c.objc; path = MoveAndFade.m; sourceTree = "<group>"; };
		57201A311AD0E9F20016F6ED /* Transition.h */ = {isa = PBXFileReference; lastKnownFileType = sourcecode.c.h; path = Transition.h; sourceTree = "<group>"; };
		57201A321AD0F4890016F6ED /* ExpandAndFade.h */ = {isa = PBXFileReference; fileEncoding = 4; lastKnownFileType = sourcecode.c.h; path = ExpandAndFade.h; sourceTree = "<group>"; };
		57201A331AD0F4890016F6ED /* ExpandAndFade.m */ = {isa = PBXFileReference; fileEncoding = 4; lastKnownFileType = sourcecode.c.objc; path = ExpandAndFade.m; sourceTree = "<group>"; };
		57201A361AD100D10016F6ED /* Backgrounds */ = {isa = PBXFileReference; lastKnownFileType = folder; path = Backgrounds; sourceTree = SOURCE_ROOT; };
		57201A381AD101BD0016F6ED /* BackgroundManager.h */ = {isa = PBXFileReference; fileEncoding = 4; lastKnownFileType = sourcecode.c.h; path = BackgroundManager.h; sourceTree = "<group>"; };
		57201A391AD101BD0016F6ED /* BackgroundManager.m */ = {isa = PBXFileReference; fileEncoding = 4; lastKnownFileType = sourcecode.c.objc; path = BackgroundManager.m; sourceTree = "<group>"; };
		57201A3C1AD207310016F6ED /* FilterManager.h */ = {isa = PBXFileReference; fileEncoding = 4; lastKnownFileType = sourcecode.c.h; path = FilterManager.h; sourceTree = "<group>"; };
		57201A3D1AD207310016F6ED /* FilterManager.m */ = {isa = PBXFileReference; fileEncoding = 4; lastKnownFileType = sourcecode.c.objc; path = FilterManager.m; sourceTree = "<group>"; };
		57201A401AD260B60016F6ED /* StyleManager.h */ = {isa = PBXFileReference; fileEncoding = 4; lastKnownFileType = sourcecode.c.h; path = StyleManager.h; sourceTree = "<group>"; };
		57201A411AD260B60016F6ED /* StyleManager.m */ = {isa = PBXFileReference; fileEncoding = 4; lastKnownFileType = sourcecode.c.objc; path = StyleManager.m; sourceTree = "<group>"; };
		57201A571AD277510016F6ED /* Styles */ = {isa = PBXFileReference; lastKnownFileType = folder; path = Styles; sourceTree = SOURCE_ROOT; };
		57F26E8B1AC9D711008A9E77 /* PWFortune.saver */ = {isa = PBXFileReference; explicitFileType = wrapper.cfbundle; includeInIndex = 0; path = PWFortune.saver; sourceTree = BUILT_PRODUCTS_DIR; };
		57F26E8F1AC9D711008A9E77 /* Info.plist */ = {isa = PBXFileReference; lastKnownFileType = text.plist.xml; path = Info.plist; sourceTree = "<group>"; };
		57F26E9A1AC9D784008A9E77 /* FortuneView.h */ = {isa = PBXFileReference; fileEncoding = 4; lastKnownFileType = sourcecode.c.h; path = FortuneView.h; sourceTree = SOURCE_ROOT; };
		57F26E9B1AC9D784008A9E77 /* FortuneView.m */ = {isa = PBXFileReference; fileEncoding = 4; lastKnownFileType = sourcecode.c.objc; path = FortuneView.m; sourceTree = SOURCE_ROOT; };
		57F26E9C1AC9D784008A9E77 /* NullAction.h */ = {isa = PBXFileReference; fileEncoding = 4; lastKnownFileType = sourcecode.c.h; name = NullAction.h; path = ../NullAction.h; sourceTree = "<group>"; };
		57F26E9D1AC9D784008A9E77 /* NullAction.m */ = {isa = PBXFileReference; fileEncoding = 4; lastKnownFileType = sourcecode.c.objc; name = NullAction.m; path = ../NullAction.m; sourceTree = "<group>"; };
		57F26E9E1AC9D784008A9E77 /* thumbnail.png */ = {isa = PBXFileReference; lastKnownFileType = image.png; name = thumbnail.png; path = ../thumbnail.png; sourceTree = "<group>"; };
		57F26E9F1AC9D784008A9E77 /* thumbnail@2x.png */ = {isa = PBXFileReference; lastKnownFileType = image.png; name = "thumbnail@2x.png"; path = "../thumbnail@2x.png"; sourceTree = "<group>"; };
		57F26EA71ACCC983008A9E77 /* Notes.md */ = {isa = PBXFileReference; lastKnownFileType = net.daringfireball.markdown; path = Notes.md; sourceTree = "<group>"; };
		57F26EA81ACCCC48008A9E77 /* UserPreferences.h */ = {isa = PBXFileReference; fileEncoding = 4; lastKnownFileType = sourcecode.c.h; name = UserPreferences.h; path = ../UserPreferences.h; sourceTree = "<group>"; };
		57F26EA91ACCCC48008A9E77 /* UserPreferences.m */ = {isa = PBXFileReference; fileEncoding = 4; lastKnownFileType = sourcecode.c.objc; name = UserPreferences.m; path = ../UserPreferences.m; sourceTree = "<group>"; };
		57F26EAC1ACCCDBC008A9E77 /* Quote.h */ = {isa = PBXFileReference; fileEncoding = 4; lastKnownFileType = sourcecode.c.h; name = Quote.h; path = ../Quote.h; sourceTree = "<group>"; };
		57F26EAD1ACCCDBC008A9E77 /* Quote.m */ = {isa = PBXFileReference; fileEncoding = 4; lastKnownFileType = sourcecode.c.objc; name = Quote.m; path = ../Quote.m; sourceTree = "<group>"; };
		57F26EB01ACCE3E7008A9E77 /* PreferencesPanel.xib */ = {isa = PBXFileReference; fileEncoding = 4; lastKnownFileType = file.xib; path = PreferencesPanel.xib; sourceTree = "<group>"; };
		57F26EB61ACCF492008A9E77 /* PreferencesWindowController.h */ = {isa = PBXFileReference; fileEncoding = 4; lastKnownFileType = sourcecode.c.h; path = PreferencesWindowController.h; sourceTree = "<group>"; };
		57F26EB71ACCF492008A9E77 /* PreferencesWindowController.m */ = {isa = PBXFileReference; fileEncoding = 4; lastKnownFileType = sourcecode.c.objc; path = PreferencesWindowController.m; sourceTree = "<group>"; };
		57F26EE61ACD00EA008A9E77 /* TestPreferences.xcodeproj */ = {isa = PBXFileReference; lastKnownFileType = "wrapper.pb-project"; name = TestPreferences.xcodeproj; path = TestPreferences/TestPreferences/TestPreferences.xcodeproj; sourceTree = "<group>"; };
/* End PBXFileReference section */

/* Begin PBXFrameworksBuildPhase section */
		57F26E871AC9D711008A9E77 /* Frameworks */ = {
			isa = PBXFrameworksBuildPhase;
			buildActionMask = 2147483647;
			files = (
			);
			runOnlyForDeploymentPostprocessing = 0;
		};
/* End PBXFrameworksBuildPhase section */

/* Begin PBXGroup section */
		57201A301AD0E9CC0016F6ED /* Transitions */ = {
			isa = PBXGroup;
			children = (
				57201A321AD0F4890016F6ED /* ExpandAndFade.h */,
				57201A331AD0F4890016F6ED /* ExpandAndFade.m */,
				57201A2B1AD0E9C30016F6ED /* MoveAndFade.h */,
				57201A2C1AD0E9C30016F6ED /* MoveAndFade.m */,
			);
			name = Transitions;
			sourceTree = "<group>";
		};
		57F26E811AC9D711008A9E77 = {
			isa = PBXGroup;
			children = (
				57F26EE61ACD00EA008A9E77 /* TestPreferences.xcodeproj */,
				57F26EA71ACCC983008A9E77 /* Notes.md */,
				57F26EB01ACCE3E7008A9E77 /* PreferencesPanel.xib */,
				57F26E8D1AC9D711008A9E77 /* Fortune */,
				57F26E8C1AC9D711008A9E77 /* Products */,
			);
			sourceTree = "<group>";
		};
		57F26E8C1AC9D711008A9E77 /* Products */ = {
			isa = PBXGroup;
			children = (
				57F26E8B1AC9D711008A9E77 /* PWFortune.saver */,
			);
			name = Products;
			sourceTree = "<group>";
		};
		57F26E8D1AC9D711008A9E77 /* Fortune */ = {
			isa = PBXGroup;
			children = (
				57201A381AD101BD0016F6ED /* BackgroundManager.h */,
				57201A391AD101BD0016F6ED /* BackgroundManager.m */,
				57201A0D1ACD0DC40016F6ED /* Extensions.h */,
				57201A0E1ACD0DC40016F6ED /* Extensions.m */,
				57201A3C1AD207310016F6ED /* FilterManager.h */,
				57201A3D1AD207310016F6ED /* FilterManager.m */,
				57F26E9A1AC9D784008A9E77 /* FortuneView.h */,
				57F26E9B1AC9D784008A9E77 /* FortuneView.m */,
				57F26E9C1AC9D784008A9E77 /* NullAction.h */,
				57F26E9D1AC9D784008A9E77 /* NullAction.m */,
				57F26EB61ACCF492008A9E77 /* PreferencesWindowController.h */,
				57F26EB71ACCF492008A9E77 /* PreferencesWindowController.m */,
				57F26EAC1ACCCDBC008A9E77 /* Quote.h */,
				57F26EAD1ACCCDBC008A9E77 /* Quote.m */,
				57201A401AD260B60016F6ED /* StyleManager.h */,
				57201A411AD260B60016F6ED /* StyleManager.m */,
				57201A311AD0E9F20016F6ED /* Transition.h */,
				57F26EA81ACCCC48008A9E77 /* UserPreferences.h */,
				57F26EA91ACCCC48008A9E77 /* UserPreferences.m */,
				57201A301AD0E9CC0016F6ED /* Transitions */,
				57F26E8E1AC9D711008A9E77 /* Supporting Files */,
			);
			path = Fortune;
			sourceTree = "<group>";
		};
		57F26E8E1AC9D711008A9E77 /* Supporting Files */ = {
			isa = PBXGroup;
			children = (
				57201A571AD277510016F6ED /* Styles */,
				57201A361AD100D10016F6ED /* Backgrounds */,
				57F26E9E1AC9D784008A9E77 /* thumbnail.png */,
				57F26E9F1AC9D784008A9E77 /* thumbnail@2x.png */,
				57F26E8F1AC9D711008A9E77 /* Info.plist */,
			);
			name = "Supporting Files";
			sourceTree = "<group>";
		};
		57F26EE71ACD00EA008A9E77 /* Products */ = {
			isa = PBXGroup;
			children = (
				57F26EEC1ACD00EA008A9E77 /* TestPreferences.app */,
			);
			name = Products;
			sourceTree = "<group>";
		};
/* End PBXGroup section */

/* Begin PBXHeadersBuildPhase section */
		57F26E881AC9D711008A9E77 /* Headers */ = {
			isa = PBXHeadersBuildPhase;
			buildActionMask = 2147483647;
			files = (
				57201A3A1AD101BD0016F6ED /* BackgroundManager.h in Headers */,
				57201A341AD0F4890016F6ED /* ExpandAndFade.h in Headers */,
				57201A421AD260B60016F6ED /* StyleManager.h in Headers */,
				57201A3E1AD207310016F6ED /* FilterManager.h in Headers */,
				57F26EAA1ACCCC48008A9E77 /* UserPreferences.h in Headers */,
				57201A2D1AD0E9C30016F6ED /* MoveAndFade.h in Headers */,
				57F26EA11AC9D784008A9E77 /* FortuneView.h in Headers */,
				57201A0F1ACD0DC40016F6ED /* Extensions.h in Headers */,
				57F26EB81ACCF492008A9E77 /* PreferencesWindowController.h in Headers */,
				57F26EA31AC9D784008A9E77 /* NullAction.h in Headers */,
				57F26EAE1ACCCDBC008A9E77 /* Quote.h in Headers */,
			);
			runOnlyForDeploymentPostprocessing = 0;
		};
/* End PBXHeadersBuildPhase section */

/* Begin PBXNativeTarget section */
		57F26E8A1AC9D711008A9E77 /* Fortune */ = {
			isa = PBXNativeTarget;
			buildConfigurationList = 57F26E961AC9D711008A9E77 /* Build configuration list for PBXNativeTarget "Fortune" */;
			buildPhases = (
				57F26E861AC9D711008A9E77 /* Sources */,
				57F26E871AC9D711008A9E77 /* Frameworks */,
				57F26E881AC9D711008A9E77 /* Headers */,
				57F26E891AC9D711008A9E77 /* Resources */,
			);
			buildRules = (
			);
			dependencies = (
			);
			name = Fortune;
			productName = Fortune;
			productReference = 57F26E8B1AC9D711008A9E77 /* PWFortune.saver */;
			productType = "com.apple.product-type.bundle";
		};
/* End PBXNativeTarget section */

/* Begin PBXProject section */
		57F26E821AC9D711008A9E77 /* Project object */ = {
			isa = PBXProject;
			attributes = {
				LastUpgradeCheck = 0620;
				ORGANIZATIONNAME = "Patrick Wallace";
				TargetAttributes = {
					57F26E8A1AC9D711008A9E77 = {
						CreatedOnToolsVersion = 6.2;
					};
				};
			};
			buildConfigurationList = 57F26E851AC9D711008A9E77 /* Build configuration list for PBXProject "Fortune" */;
			compatibilityVersion = "Xcode 3.2";
			developmentRegion = English;
			hasScannedForEncodings = 0;
			knownRegions = (
				en,
			);
			mainGroup = 57F26E811AC9D711008A9E77;
			productRefGroup = 57F26E8C1AC9D711008A9E77 /* Products */;
			projectDirPath = "";
			projectReferences = (
				{
					ProductGroup = 57F26EE71ACD00EA008A9E77 /* Products */;
					ProjectRef = 57F26EE61ACD00EA008A9E77 /* TestPreferences.xcodeproj */;
				},
			);
			projectRoot = "";
			targets = (
				57F26E8A1AC9D711008A9E77 /* Fortune */,
			);
		};
/* End PBXProject section */

/* Begin PBXReferenceProxy section */
		57F26EEC1ACD00EA008A9E77 /* TestPreferences.app */ = {
			isa = PBXReferenceProxy;
			fileType = wrapper.application;
			path = TestPreferences.app;
			remoteRef = 57F26EEB1ACD00EA008A9E77 /* PBXContainerItemProxy */;
			sourceTree = BUILT_PRODUCTS_DIR;
		};
/* End PBXReferenceProxy section */

/* Begin PBXResourcesBuildPhase section */
		57F26E891AC9D711008A9E77 /* Resources */ = {
			isa = PBXResourcesBuildPhase;
			buildActionMask = 2147483647;
			files = (
				57201A581AD277510016F6ED /* Styles in Resources */,
				57F26EA51AC9D784008A9E77 /* thumbnail.png in Resources */,
				57F26EA61AC9D784008A9E77 /* thumbnail@2x.png in Resources */,
				57F26EB11ACCE3E7008A9E77 /* PreferencesPanel.xib in Resources */,
				57201A371AD100D10016F6ED /* Backgrounds in Resources */,
			);
			runOnlyForDeploymentPostprocessing = 0;
		};
/* End PBXResourcesBuildPhase section */

/* Begin PBXSourcesBuildPhase section */
		57F26E861AC9D711008A9E77 /* Sources */ = {
			isa = PBXSourcesBuildPhase;
			buildActionMask = 2147483647;
			files = (
				57F26EAF1ACCCDBC008A9E77 /* Quote.m in Sources */,
				57F26EAB1ACCCC48008A9E77 /* UserPreferences.m in Sources */,
				57201A2E1AD0E9C30016F6ED /* MoveAndFade.m in Sources */,
				57F26EB91ACCF492008A9E77 /* PreferencesWindowController.m in Sources */,
				57201A101ACD0DC40016F6ED /* Extensions.m in Sources */,
				57201A351AD0F4890016F6ED /* ExpandAndFade.m in Sources */,
				57201A3B1AD101BD0016F6ED /* BackgroundManager.m in Sources */,
				57201A3F1AD207310016F6ED /* FilterManager.m in Sources */,
				57F26EA41AC9D784008A9E77 /* NullAction.m in Sources */,
				57F26EA21AC9D784008A9E77 /* FortuneView.m in Sources */,
				57201A431AD260B60016F6ED /* StyleManager.m in Sources */,
			);
			runOnlyForDeploymentPostprocessing = 0;
		};
/* End PBXSourcesBuildPhase section */

/* Begin XCBuildConfiguration section */
		57F26E941AC9D711008A9E77 /* Debug */ = {
			isa = XCBuildConfiguration;
			buildSettings = {
				ALWAYS_SEARCH_USER_PATHS = NO;
				CLANG_CXX_LANGUAGE_STANDARD = "gnu++0x";
				CLANG_CXX_LIBRARY = "libc++";
				CLANG_ENABLE_MODULES = YES;
				CLANG_ENABLE_OBJC_ARC = YES;
				CLANG_WARN_BOOL_CONVERSION = YES;
				CLANG_WARN_CONSTANT_CONVERSION = YES;
				CLANG_WARN_DIRECT_OBJC_ISA_USAGE = YES_ERROR;
				CLANG_WARN_EMPTY_BODY = YES;
				CLANG_WARN_ENUM_CONVERSION = YES;
				CLANG_WARN_INT_CONVERSION = YES;
				CLANG_WARN_OBJC_ROOT_CLASS = YES_ERROR;
				CLANG_WARN_UNREACHABLE_CODE = YES;
				CLANG_WARN__DUPLICATE_METHOD_MATCH = YES;
				COPY_PHASE_STRIP = NO;
				ENABLE_STRICT_OBJC_MSGSEND = YES;
				GCC_C_LANGUAGE_STANDARD = gnu99;
				GCC_DYNAMIC_NO_PIC = NO;
				GCC_OPTIMIZATION_LEVEL = 0;
				GCC_PREPROCESSOR_DEFINITIONS = (
					"DEBUG=1",
					"$(inherited)",
				);
				GCC_SYMBOLS_PRIVATE_EXTERN = NO;
				GCC_WARN_64_TO_32_BIT_CONVERSION = YES;
				GCC_WARN_ABOUT_RETURN_TYPE = YES_ERROR;
				GCC_WARN_UNDECLARED_SELECTOR = YES;
				GCC_WARN_UNINITIALIZED_AUTOS = YES_AGGRESSIVE;
				GCC_WARN_UNUSED_FUNCTION = YES;
				GCC_WARN_UNUSED_VARIABLE = YES;
				MACOSX_DEPLOYMENT_TARGET = 10.10;
				MTL_ENABLE_DEBUG_INFO = YES;
				ONLY_ACTIVE_ARCH = YES;
				SDKROOT = macosx;
			};
			name = Debug;
		};
		57F26E951AC9D711008A9E77 /* Release */ = {
			isa = XCBuildConfiguration;
			buildSettings = {
				ALWAYS_SEARCH_USER_PATHS = NO;
				CLANG_CXX_LANGUAGE_STANDARD = "gnu++0x";
				CLANG_CXX_LIBRARY = "libc++";
				CLANG_ENABLE_MODULES = YES;
				CLANG_ENABLE_OBJC_ARC = YES;
				CLANG_WARN_BOOL_CONVERSION = YES;
				CLANG_WARN_CONSTANT_CONVERSION = YES;
				CLANG_WARN_DIRECT_OBJC_ISA_USAGE = YES_ERROR;
				CLANG_WARN_EMPTY_BODY = YES;
				CLANG_WARN_ENUM_CONVERSION = YES;
				CLANG_WARN_INT_CONVERSION = YES;
				CLANG_WARN_OBJC_ROOT_CLASS = YES_ERROR;
				CLANG_WARN_UNREACHABLE_CODE = YES;
				CLANG_WARN__DUPLICATE_METHOD_MATCH = YES;
				COPY_PHASE_STRIP = NO;
				DEBUG_INFORMATION_FORMAT = "dwarf-with-dsym";
				ENABLE_NS_ASSERTIONS = NO;
				ENABLE_STRICT_OBJC_MSGSEND = YES;
				GCC_C_LANGUAGE_STANDARD = gnu99;
				GCC_WARN_64_TO_32_BIT_CONVERSION = YES;
				GCC_WARN_ABOUT_RETURN_TYPE = YES_ERROR;
				GCC_WARN_UNDECLARED_SELECTOR = YES;
				GCC_WARN_UNINITIALIZED_AUTOS = YES_AGGRESSIVE;
				GCC_WARN_UNUSED_FUNCTION = YES;
				GCC_WARN_UNUSED_VARIABLE = YES;
				MACOSX_DEPLOYMENT_TARGET = 10.10;
				MTL_ENABLE_DEBUG_INFO = NO;
				SDKROOT = macosx;
			};
			name = Release;
		};
		57F26E971AC9D711008A9E77 /* Debug */ = {
			isa = XCBuildConfiguration;
			buildSettings = {
				COMBINE_HIDPI_IMAGES = YES;
				INFOPLIST_FILE = Fortune/Info.plist;
				INSTALL_PATH = "$(HOME)/Library/Screen Savers";
				PRODUCT_NAME = PWFortune;
				WRAPPER_EXTENSION = saver;
			};
			name = Debug;
		};
		57F26E981AC9D711008A9E77 /* Release */ = {
			isa = XCBuildConfiguration;
			buildSettings = {
				COMBINE_HIDPI_IMAGES = YES;
				INFOPLIST_FILE = Fortune/Info.plist;
				INSTALL_PATH = "$(HOME)/Library/Screen Savers";
				PRODUCT_NAME = PWFortune;
				WRAPPER_EXTENSION = saver;
			};
			name = Release;
		};
/* End XCBuildConfiguration section */

/* Begin XCConfigurationList section */
		57F26E851AC9D711008A9E77 /* Build configuration list for PBXProject "Fortune" */ = {
			isa = XCConfigurationList;
			buildConfigurations = (
				57F26E941AC9D711008A9E77 /* Debug */,
				57F26E951AC9D711008A9E77 /* Release */,
			);
			defaultConfigurationIsVisible = 0;
			defaultConfigurationName = Release;
		};
		57F26E961AC9D711008A9E77 /* Build configuration list for PBXNativeTarget "Fortune" */ = {
			isa = XCConfigurationList;
			buildConfigurations = (
				57F26E971AC9D711008A9E77 /* Debug */,
				57F26E981AC9D711008A9E77 /* Release */,
			);
			defaultConfigurationIsVisible = 0;
			defaultConfigurationName = Release;
		};
/* End XCConfigurationList section */
	};
	rootObject = 57F26E821AC9D711008A9E77 /* Project object */;
}
